
Microsoft Visual Studio Solution File, Format Version 12.00
# Visual Studio 15
VisualStudioVersion = 15.0.27703.2042
MinimumVisualStudioVersion = 10.0.40219.1
Project("{FAE04EC0-301F-11D3-BF4B-00C04F79EFBC}") = "GameSaver", "GameSaver\GameSaver.csproj", "{FAF149D1-871E-415D-95BE-EC80A4B83DD0}"
EndProject
Global
	GlobalSection(SolutionConfigurationPlatforms) = preSolution
		Debug|Any CPU = Debug|Any CPU
		Release|Any CPU = Release|Any CPU
	EndGlobalSection
	GlobalSection(ProjectConfigurationPlatforms) = postSolution
		{FAF149D1-871E-415D-95BE-EC80A4B83DD0}.Debug|Any CPU.ActiveCfg = Debug|Any CPU
		{FAF149D1-871E-415D-95BE-EC80A4B83DD0}.Debug|Any CPU.Build.0 = Debug|Any CPU
		{FAF149D1-871E-415D-95BE-EC80A4B83DD0}.Release|Any CPU.ActiveCfg = Release|Any CPU
		{FAF149D1-871E-415D-95BE-EC80A4B83DD0}.Release|Any CPU.Build.0 = Release|Any CPU
	EndGlobalSection
	GlobalSection(SolutionProperties) = preSolution
		HideSolutionNode = FALSE
	EndGlobalSection
	GlobalSection(ExtensibilityGlobals) = postSolution
		SolutionGuid = {AA45FE2C-6EBB-46C5-8065-D0C3865F426F}
	EndGlobalSection
EndGlobal
